// !$*UTF8*$!
{
	archiveVersion = 1;
	classes = {
	};
	objectVersion = 56;
	objects = {

/* Begin PBXBuildFile section */
		1A9E42A12A06AF5C00F69C15 /* AppDelegate.swift in Sources */ = {isa = PBXBuildFile; fileRef = 1A9E42A02A06AF5C00F69C15 /* AppDelegate.swift */; };
		1A9E42A52A06AF5C00F69C15 /* ViewController.swift in Sources */ = {isa = PBXBuildFile; fileRef = 1A9E42A42A06AF5C00F69C15 /* ViewController.swift */; };
		1A9E42A82A06AF5C00F69C15 /* Main.storyboard in Resources */ = {isa = PBXBuildFile; fileRef = 1A9E42A62A06AF5C00F69C15 /* Main.storyboard */; };
		1A9E42AB2A06AF5C00F69C15 /* PersonalManagement.xcdatamodeld in Sources */ = {isa = PBXBuildFile; fileRef = 1A9E42A92A06AF5C00F69C15 /* PersonalManagement.xcdatamodeld */; };
		1A9E42AD2A06AF5F00F69C15 /* Assets.xcassets in Resources */ = {isa = PBXBuildFile; fileRef = 1A9E42AC2A06AF5F00F69C15 /* Assets.xcassets */; };
		1A9E42B02A06AF5F00F69C15 /* LaunchScreen.storyboard in Resources */ = {isa = PBXBuildFile; fileRef = 1A9E42AE2A06AF5F00F69C15 /* LaunchScreen.storyboard */; };
		1A9E42BB2A06B11800F69C15 /* StartedViewController.swift in Sources */ = {isa = PBXBuildFile; fileRef = 1A9E42B92A06B11800F69C15 /* StartedViewController.swift */; };
		1A9E42BC2A06B11800F69C15 /* StartedViewController.xib in Resources */ = {isa = PBXBuildFile; fileRef = 1A9E42BA2A06B11800F69C15 /* StartedViewController.xib */; };
		1A9E42BF2A06B18600F69C15 /* BaseNavigationViewController.swift in Sources */ = {isa = PBXBuildFile; fileRef = 1A9E42BE2A06B18600F69C15 /* BaseNavigationViewController.swift */; };
		1A9E42C22A06B1D900F69C15 /* CoordinatorProtocol.swift in Sources */ = {isa = PBXBuildFile; fileRef = 1A9E42C12A06B1D900F69C15 /* CoordinatorProtocol.swift */; };
		1A9E42C42A06B2ED00F69C15 /* StartedCoordinator.swift in Sources */ = {isa = PBXBuildFile; fileRef = 1A9E42C32A06B2ED00F69C15 /* StartedCoordinator.swift */; };
		1A9E42C62A06B35300F69C15 /* StartedViewModel.swift in Sources */ = {isa = PBXBuildFile; fileRef = 1A9E42C52A06B35300F69C15 /* StartedViewModel.swift */; };
		3B2700BAB99691A5BDEE54F5 /* Pods_PersonalManagement.framework in Frameworks */ = {isa = PBXBuildFile; fileRef = 4145E5800EB27A5B6ACCD968 /* Pods_PersonalManagement.framework */; };
/* End PBXBuildFile section */

/* Begin PBXFileReference section */
		145CFEBB5295BDBC67009416 /* Pods-PersonalManagement.debug.xcconfig */ = {isa = PBXFileReference; includeInIndex = 1; lastKnownFileType = text.xcconfig; name = "Pods-PersonalManagement.debug.xcconfig"; path = "Target Support Files/Pods-PersonalManagement/Pods-PersonalManagement.debug.xcconfig"; sourceTree = "<group>"; };
		1A9E429D2A06AF5C00F69C15 /* PersonalManagement.app */ = {isa = PBXFileReference; explicitFileType = wrapper.application; includeInIndex = 0; path = PersonalManagement.app; sourceTree = BUILT_PRODUCTS_DIR; };
		1A9E42A02A06AF5C00F69C15 /* AppDelegate.swift */ = {isa = PBXFileReference; lastKnownFileType = sourcecode.swift; path = AppDelegate.swift; sourceTree = "<group>"; };
		1A9E42A42A06AF5C00F69C15 /* ViewController.swift */ = {isa = PBXFileReference; lastKnownFileType = sourcecode.swift; path = ViewController.swift; sourceTree = "<group>"; };
		1A9E42A72A06AF5C00F69C15 /* Base */ = {isa = PBXFileReference; lastKnownFileType = file.storyboard; name = Base; path = Base.lproj/Main.storyboard; sourceTree = "<group>"; };
		1A9E42AA2A06AF5C00F69C15 /* PersonalManagement.xcdatamodel */ = {isa = PBXFileReference; lastKnownFileType = wrapper.xcdatamodel; path = PersonalManagement.xcdatamodel; sourceTree = "<group>"; };
		1A9E42AC2A06AF5F00F69C15 /* Assets.xcassets */ = {isa = PBXFileReference; lastKnownFileType = folder.assetcatalog; path = Assets.xcassets; sourceTree = "<group>"; };
		1A9E42AF2A06AF5F00F69C15 /* Base */ = {isa = PBXFileReference; lastKnownFileType = file.storyboard; name = Base; path = Base.lproj/LaunchScreen.storyboard; sourceTree = "<group>"; };
		1A9E42B12A06AF5F00F69C15 /* Info.plist */ = {isa = PBXFileReference; lastKnownFileType = text.plist.xml; path = Info.plist; sourceTree = "<group>"; };
		1A9E42B92A06B11800F69C15 /* StartedViewController.swift */ = {isa = PBXFileReference; lastKnownFileType = sourcecode.swift; path = StartedViewController.swift; sourceTree = "<group>"; };
		1A9E42BA2A06B11800F69C15 /* StartedViewController.xib */ = {isa = PBXFileReference; lastKnownFileType = file.xib; path = StartedViewController.xib; sourceTree = "<group>"; };
		1A9E42BE2A06B18600F69C15 /* BaseNavigationViewController.swift */ = {isa = PBXFileReference; lastKnownFileType = sourcecode.swift; path = BaseNavigationViewController.swift; sourceTree = "<group>"; };
		1A9E42C12A06B1D900F69C15 /* CoordinatorProtocol.swift */ = {isa = PBXFileReference; lastKnownFileType = sourcecode.swift; path = CoordinatorProtocol.swift; sourceTree = "<group>"; };
		1A9E42C32A06B2ED00F69C15 /* StartedCoordinator.swift */ = {isa = PBXFileReference; lastKnownFileType = sourcecode.swift; path = StartedCoordinator.swift; sourceTree = "<group>"; };
		1A9E42C52A06B35300F69C15 /* StartedViewModel.swift */ = {isa = PBXFileReference; lastKnownFileType = sourcecode.swift; path = StartedViewModel.swift; sourceTree = "<group>"; };
		4145E5800EB27A5B6ACCD968 /* Pods_PersonalManagement.framework */ = {isa = PBXFileReference; explicitFileType = wrapper.framework; includeInIndex = 0; path = Pods_PersonalManagement.framework; sourceTree = BUILT_PRODUCTS_DIR; };
		98641E30377BA7E4A084204E /* Pods-PersonalManagement.release.xcconfig */ = {isa = PBXFileReference; includeInIndex = 1; lastKnownFileType = text.xcconfig; name = "Pods-PersonalManagement.release.xcconfig"; path = "Target Support Files/Pods-PersonalManagement/Pods-PersonalManagement.release.xcconfig"; sourceTree = "<group>"; };
/* End PBXFileReference section */

/* Begin PBXFrameworksBuildPhase section */
		1A9E429A2A06AF5C00F69C15 /* Frameworks */ = {
			isa = PBXFrameworksBuildPhase;
			buildActionMask = 2147483647;
			files = (
				3B2700BAB99691A5BDEE54F5 /* Pods_PersonalManagement.framework in Frameworks */,
			);
			runOnlyForDeploymentPostprocessing = 0;
		};
/* End PBXFrameworksBuildPhase section */

/* Begin PBXGroup section */
		1A9E42942A06AF5C00F69C15 = {
			isa = PBXGroup;
			children = (
				1A9E429F2A06AF5C00F69C15 /* PersonalManagement */,
				1A9E429E2A06AF5C00F69C15 /* Products */,
				A2DCBD51248C11951A18B10A /* Pods */,
				F4834A61C4420CF147E4F747 /* Frameworks */,
			);
			sourceTree = "<group>";
		};
		1A9E429E2A06AF5C00F69C15 /* Products */ = {
			isa = PBXGroup;
			children = (
				1A9E429D2A06AF5C00F69C15 /* PersonalManagement.app */,
			);
			name = Products;
			sourceTree = "<group>";
		};
		1A9E429F2A06AF5C00F69C15 /* PersonalManagement */ = {
			isa = PBXGroup;
			children = (
				1A9E42BD2A06B15E00F69C15 /* Common */,
				1A9E42B72A06AFD800F69C15 /* Sences */,
				1A9E42A02A06AF5C00F69C15 /* AppDelegate.swift */,
				1A9E42A42A06AF5C00F69C15 /* ViewController.swift */,
				1A9E42A62A06AF5C00F69C15 /* Main.storyboard */,
				1A9E42AC2A06AF5F00F69C15 /* Assets.xcassets */,
				1A9E42AE2A06AF5F00F69C15 /* LaunchScreen.storyboard */,
				1A9E42B12A06AF5F00F69C15 /* Info.plist */,
				1A9E42A92A06AF5C00F69C15 /* PersonalManagement.xcdatamodeld */,
			);
			path = PersonalManagement;
			sourceTree = "<group>";
		};
		1A9E42B72A06AFD800F69C15 /* Sences */ = {
			isa = PBXGroup;
			children = (
				1A9E42B82A06B00500F69C15 /* StartedScreen */,
			);
			path = Sences;
			sourceTree = "<group>";
		};
		1A9E42B82A06B00500F69C15 /* StartedScreen */ = {
			isa = PBXGroup;
			children = (
				1A9E42B92A06B11800F69C15 /* StartedViewController.swift */,
				1A9E42BA2A06B11800F69C15 /* StartedViewController.xib */,
				1A9E42C32A06B2ED00F69C15 /* StartedCoordinator.swift */,
				1A9E42C52A06B35300F69C15 /* StartedViewModel.swift */,
			);
			path = StartedScreen;
			sourceTree = "<group>";
		};
		1A9E42BD2A06B15E00F69C15 /* Common */ = {
			isa = PBXGroup;
			children = (
				1A9E42C02A06B1B900F69C15 /* Protocol */,
				1A9E42BE2A06B18600F69C15 /* BaseNavigationViewController.swift */,
			);
			path = Common;
			sourceTree = "<group>";
		};
		1A9E42C02A06B1B900F69C15 /* Protocol */ = {
			isa = PBXGroup;
			children = (
				1A9E42C12A06B1D900F69C15 /* CoordinatorProtocol.swift */,
			);
			path = Protocol;
			sourceTree = "<group>";
		};
		A2DCBD51248C11951A18B10A /* Pods */ = {
			isa = PBXGroup;
			children = (
				145CFEBB5295BDBC67009416 /* Pods-PersonalManagement.debug.xcconfig */,
				98641E30377BA7E4A084204E /* Pods-PersonalManagement.release.xcconfig */,
			);
			name = Pods;
			path = Pods;
			sourceTree = "<group>";
		};
		F4834A61C4420CF147E4F747 /* Frameworks */ = {
			isa = PBXGroup;
			children = (
				4145E5800EB27A5B6ACCD968 /* Pods_PersonalManagement.framework */,
			);
			name = Frameworks;
			sourceTree = "<group>";
		};
/* End PBXGroup section */

/* Begin PBXNativeTarget section */
		1A9E429C2A06AF5C00F69C15 /* PersonalManagement */ = {
			isa = PBXNativeTarget;
			buildConfigurationList = 1A9E42B42A06AF5F00F69C15 /* Build configuration list for PBXNativeTarget "PersonalManagement" */;
			buildPhases = (
				D25764C34C391491842B814E /* [CP] Check Pods Manifest.lock */,
				1A9E42992A06AF5C00F69C15 /* Sources */,
				1A9E429A2A06AF5C00F69C15 /* Frameworks */,
				1A9E429B2A06AF5C00F69C15 /* Resources */,
				BD329724263C03D6B821B10A /* [CP] Embed Pods Frameworks */,
			);
			buildRules = (
			);
			dependencies = (
			);
			name = PersonalManagement;
			productName = PersonalManagement;
			productReference = 1A9E429D2A06AF5C00F69C15 /* PersonalManagement.app */;
			productType = "com.apple.product-type.application";
		};
/* End PBXNativeTarget section */

/* Begin PBXProject section */
		1A9E42952A06AF5C00F69C15 /* Project object */ = {
			isa = PBXProject;
			attributes = {
				BuildIndependentTargetsInParallel = 1;
				LastSwiftUpdateCheck = 1410;
				LastUpgradeCheck = 1410;
				TargetAttributes = {
					1A9E429C2A06AF5C00F69C15 = {
						CreatedOnToolsVersion = 14.1;
					};
				};
			};
			buildConfigurationList = 1A9E42982A06AF5C00F69C15 /* Build configuration list for PBXProject "PersonalManagement" */;
			compatibilityVersion = "Xcode 14.0";
			developmentRegion = en;
			hasScannedForEncodings = 0;
			knownRegions = (
				en,
				Base,
			);
			mainGroup = 1A9E42942A06AF5C00F69C15;
			productRefGroup = 1A9E429E2A06AF5C00F69C15 /* Products */;
			projectDirPath = "";
			projectRoot = "";
			targets = (
				1A9E429C2A06AF5C00F69C15 /* PersonalManagement */,
			);
		};
/* End PBXProject section */

/* Begin PBXResourcesBuildPhase section */
		1A9E429B2A06AF5C00F69C15 /* Resources */ = {
			isa = PBXResourcesBuildPhase;
			buildActionMask = 2147483647;
			files = (
				1A9E42BC2A06B11800F69C15 /* StartedViewController.xib in Resources */,
				1A9E42B02A06AF5F00F69C15 /* LaunchScreen.storyboard in Resources */,
				1A9E42AD2A06AF5F00F69C15 /* Assets.xcassets in Resources */,
				1A9E42A82A06AF5C00F69C15 /* Main.storyboard in Resources */,
			);
			runOnlyForDeploymentPostprocessing = 0;
		};
/* End PBXResourcesBuildPhase section */

/* Begin PBXShellScriptBuildPhase section */
		BD329724263C03D6B821B10A /* [CP] Embed Pods Frameworks */ = {
			isa = PBXShellScriptBuildPhase;
			buildActionMask = 2147483647;
			files = (
			);
			inputFileListPaths = (
				"${PODS_ROOT}/Target Support Files/Pods-PersonalManagement/Pods-PersonalManagement-frameworks-${CONFIGURATION}-input-files.xcfilelist",
			);
			name = "[CP] Embed Pods Frameworks";
			outputFileListPaths = (
				"${PODS_ROOT}/Target Support Files/Pods-PersonalManagement/Pods-PersonalManagement-frameworks-${CONFIGURATION}-output-files.xcfilelist",
			);
			runOnlyForDeploymentPostprocessing = 0;
			shellPath = /bin/sh;
			shellScript = "\"${PODS_ROOT}/Target Support Files/Pods-PersonalManagement/Pods-PersonalManagement-frameworks.sh\"\n";
			showEnvVarsInLog = 0;
		};
		D25764C34C391491842B814E /* [CP] Check Pods Manifest.lock */ = {
			isa = PBXShellScriptBuildPhase;
			buildActionMask = 2147483647;
			files = (
			);
			inputFileListPaths = (
			);
			inputPaths = (
				"${PODS_PODFILE_DIR_PATH}/Podfile.lock",
				"${PODS_ROOT}/Manifest.lock",
			);
			name = "[CP] Check Pods Manifest.lock";
			outputFileListPaths = (
			);
			outputPaths = (
				"$(DERIVED_FILE_DIR)/Pods-PersonalManagement-checkManifestLockResult.txt",
			);
			runOnlyForDeploymentPostprocessing = 0;
			shellPath = /bin/sh;
			shellScript = "diff \"${PODS_PODFILE_DIR_PATH}/Podfile.lock\" \"${PODS_ROOT}/Manifest.lock\" > /dev/null\nif [ $? != 0 ] ; then\n    # print error to STDERR\n    echo \"error: The sandbox is not in sync with the Podfile.lock. Run 'pod install' or update your CocoaPods installation.\" >&2\n    exit 1\nfi\n# This output is used by Xcode 'outputs' to avoid re-running this script phase.\necho \"SUCCESS\" > \"${SCRIPT_OUTPUT_FILE_0}\"\n";
			showEnvVarsInLog = 0;
		};
/* End PBXShellScriptBuildPhase section */

/* Begin PBXSourcesBuildPhase section */
		1A9E42992A06AF5C00F69C15 /* Sources */ = {
			isa = PBXSourcesBuildPhase;
			buildActionMask = 2147483647;
			files = (
				1A9E42C22A06B1D900F69C15 /* CoordinatorProtocol.swift in Sources */,
				1A9E42AB2A06AF5C00F69C15 /* PersonalManagement.xcdatamodeld in Sources */,
				1A9E42BB2A06B11800F69C15 /* StartedViewController.swift in Sources */,
				1A9E42A52A06AF5C00F69C15 /* ViewController.swift in Sources */,
				1A9E42C62A06B35300F69C15 /* StartedViewModel.swift in Sources */,
				1A9E42BF2A06B18600F69C15 /* BaseNavigationViewController.swift in Sources */,
				1A9E42A12A06AF5C00F69C15 /* AppDelegate.swift in Sources */,
				1A9E42C42A06B2ED00F69C15 /* StartedCoordinator.swift in Sources */,
			);
			runOnlyForDeploymentPostprocessing = 0;
		};
/* End PBXSourcesBuildPhase section */

/* Begin PBXVariantGroup section */
		1A9E42A62A06AF5C00F69C15 /* Main.storyboard */ = {
			isa = PBXVariantGroup;
			children = (
				1A9E42A72A06AF5C00F69C15 /* Base */,
			);
			name = Main.storyboard;
			sourceTree = "<group>";
		};
		1A9E42AE2A06AF5F00F69C15 /* LaunchScreen.storyboard */ = {
			isa = PBXVariantGroup;
			children = (
				1A9E42AF2A06AF5F00F69C15 /* Base */,
			);
			name = LaunchScreen.storyboard;
			sourceTree = "<group>";
		};
/* End PBXVariantGroup section */

/* Begin XCBuildConfiguration section */
		1A9E42B22A06AF5F00F69C15 /* Debug */ = {
			isa = XCBuildConfiguration;
			buildSettings = {
				ALWAYS_SEARCH_USER_PATHS = NO;
				CLANG_ANALYZER_NONNULL = YES;
				CLANG_ANALYZER_NUMBER_OBJECT_CONVERSION = YES_AGGRESSIVE;
				CLANG_CXX_LANGUAGE_STANDARD = "gnu++20";
				CLANG_ENABLE_MODULES = YES;
				CLANG_ENABLE_OBJC_ARC = YES;
				CLANG_ENABLE_OBJC_WEAK = YES;
				CLANG_WARN_BLOCK_CAPTURE_AUTORELEASING = YES;
				CLANG_WARN_BOOL_CONVERSION = YES;
				CLANG_WARN_COMMA = YES;
				CLANG_WARN_CONSTANT_CONVERSION = YES;
				CLANG_WARN_DEPRECATED_OBJC_IMPLEMENTATIONS = YES;
				CLANG_WARN_DIRECT_OBJC_ISA_USAGE = YES_ERROR;
				CLANG_WARN_DOCUMENTATION_COMMENTS = YES;
				CLANG_WARN_EMPTY_BODY = YES;
				CLANG_WARN_ENUM_CONVERSION = YES;
				CLANG_WARN_INFINITE_RECURSION = YES;
				CLANG_WARN_INT_CONVERSION = YES;
				CLANG_WARN_NON_LITERAL_NULL_CONVERSION = YES;
				CLANG_WARN_OBJC_IMPLICIT_RETAIN_SELF = YES;
				CLANG_WARN_OBJC_LITERAL_CONVERSION = YES;
				CLANG_WARN_OBJC_ROOT_CLASS = YES_ERROR;
				CLANG_WARN_QUOTED_INCLUDE_IN_FRAMEWORK_HEADER = YES;
				CLANG_WARN_RANGE_LOOP_ANALYSIS = YES;
				CLANG_WARN_STRICT_PROTOTYPES = YES;
				CLANG_WARN_SUSPICIOUS_MOVE = YES;
				CLANG_WARN_UNGUARDED_AVAILABILITY = YES_AGGRESSIVE;
				CLANG_WARN_UNREACHABLE_CODE = YES;
				CLANG_WARN__DUPLICATE_METHOD_MATCH = YES;
				COPY_PHASE_STRIP = NO;
				DEBUG_INFORMATION_FORMAT = dwarf;
				ENABLE_STRICT_OBJC_MSGSEND = YES;
				ENABLE_TESTABILITY = YES;
				GCC_C_LANGUAGE_STANDARD = gnu11;
				GCC_DYNAMIC_NO_PIC = NO;
				GCC_NO_COMMON_BLOCKS = YES;
				GCC_OPTIMIZATION_LEVEL = 0;
				GCC_PREPROCESSOR_DEFINITIONS = (
					"DEBUG=1",
					"$(inherited)",
				);
				GCC_WARN_64_TO_32_BIT_CONVERSION = YES;
				GCC_WARN_ABOUT_RETURN_TYPE = YES_ERROR;
				GCC_WARN_UNDECLARED_SELECTOR = YES;
				GCC_WARN_UNINITIALIZED_AUTOS = YES_AGGRESSIVE;
				GCC_WARN_UNUSED_FUNCTION = YES;
				GCC_WARN_UNUSED_VARIABLE = YES;
				IPHONEOS_DEPLOYMENT_TARGET = 16.1;
				MTL_ENABLE_DEBUG_INFO = INCLUDE_SOURCE;
				MTL_FAST_MATH = YES;
				ONLY_ACTIVE_ARCH = YES;
				SDKROOT = iphoneos;
				SWIFT_ACTIVE_COMPILATION_CONDITIONS = DEBUG;
				SWIFT_OPTIMIZATION_LEVEL = "-Onone";
			};
			name = Debug;
		};
		1A9E42B32A06AF5F00F69C15 /* Release */ = {
			isa = XCBuildConfiguration;
			buildSettings = {
				ALWAYS_SEARCH_USER_PATHS = NO;
				CLANG_ANALYZER_NONNULL = YES;
				CLANG_ANALYZER_NUMBER_OBJECT_CONVERSION = YES_AGGRESSIVE;
				CLANG_CXX_LANGUAGE_STANDARD = "gnu++20";
				CLANG_ENABLE_MODULES = YES;
				CLANG_ENABLE_OBJC_ARC = YES;
				CLANG_ENABLE_OBJC_WEAK = YES;
				CLANG_WARN_BLOCK_CAPTURE_AUTORELEASING = YES;
				CLANG_WARN_BOOL_CONVERSION = YES;
				CLANG_WARN_COMMA = YES;
				CLANG_WARN_CONSTANT_CONVERSION = YES;
				CLANG_WARN_DEPRECATED_OBJC_IMPLEMENTATIONS = YES;
				CLANG_WARN_DIRECT_OBJC_ISA_USAGE = YES_ERROR;
				CLANG_WARN_DOCUMENTATION_COMMENTS = YES;
				CLANG_WARN_EMPTY_BODY = YES;
				CLANG_WARN_ENUM_CONVERSION = YES;
				CLANG_WARN_INFINITE_RECURSION = YES;
				CLANG_WARN_INT_CONVERSION = YES;
				CLANG_WARN_NON_LITERAL_NULL_CONVERSION = YES;
				CLANG_WARN_OBJC_IMPLICIT_RETAIN_SELF = YES;
				CLANG_WARN_OBJC_LITERAL_CONVERSION = YES;
				CLANG_WARN_OBJC_ROOT_CLASS = YES_ERROR;
				CLANG_WARN_QUOTED_INCLUDE_IN_FRAMEWORK_HEADER = YES;
				CLANG_WARN_RANGE_LOOP_ANALYSIS = YES;
				CLANG_WARN_STRICT_PROTOTYPES = YES;
				CLANG_WARN_SUSPICIOUS_MOVE = YES;
				CLANG_WARN_UNGUARDED_AVAILABILITY = YES_AGGRESSIVE;
				CLANG_WARN_UNREACHABLE_CODE = YES;
				CLANG_WARN__DUPLICATE_METHOD_MATCH = YES;
				COPY_PHASE_STRIP = NO;
				DEBUG_INFORMATION_FORMAT = "dwarf-with-dsym";
				ENABLE_NS_ASSERTIONS = NO;
				ENABLE_STRICT_OBJC_MSGSEND = YES;
				GCC_C_LANGUAGE_STANDARD = gnu11;
				GCC_NO_COMMON_BLOCKS = YES;
				GCC_WARN_64_TO_32_BIT_CONVERSION = YES;
				GCC_WARN_ABOUT_RETURN_TYPE = YES_ERROR;
				GCC_WARN_UNDECLARED_SELECTOR = YES;
				GCC_WARN_UNINITIALIZED_AUTOS = YES_AGGRESSIVE;
				GCC_WARN_UNUSED_FUNCTION = YES;
				GCC_WARN_UNUSED_VARIABLE = YES;
				IPHONEOS_DEPLOYMENT_TARGET = 16.1;
				MTL_ENABLE_DEBUG_INFO = NO;
				MTL_FAST_MATH = YES;
				SDKROOT = iphoneos;
				SWIFT_COMPILATION_MODE = wholemodule;
				SWIFT_OPTIMIZATION_LEVEL = "-O";
				VALIDATE_PRODUCT = YES;
			};
			name = Release;
		};
		1A9E42B52A06AF5F00F69C15 /* Debug */ = {
			isa = XCBuildConfiguration;
			baseConfigurationReference = 145CFEBB5295BDBC67009416 /* Pods-PersonalManagement.debug.xcconfig */;
			buildSettings = {
				ASSETCATALOG_COMPILER_APPICON_NAME = AppIcon;
				ASSETCATALOG_COMPILER_GLOBAL_ACCENT_COLOR_NAME = AccentColor;
				CODE_SIGN_STYLE = Automatic;
				CURRENT_PROJECT_VERSION = 1;
				DEVELOPMENT_TEAM = BZD66Y59V5;
				GENERATE_INFOPLIST_FILE = YES;
				INFOPLIST_FILE = PersonalManagement/Info.plist;
				INFOPLIST_KEY_UIApplicationSupportsIndirectInputEvents = YES;
				INFOPLIST_KEY_UILaunchStoryboardName = LaunchScreen;
				INFOPLIST_KEY_UISupportedInterfaceOrientations = UIInterfaceOrientationPortrait;
				IPHONEOS_DEPLOYMENT_TARGET = 13.2;
				LD_RUNPATH_SEARCH_PATHS = (
					"$(inherited)",
					"@executable_path/Frameworks",
				);
				MARKETING_VERSION = 1.0;
				PRODUCT_BUNDLE_IDENTIFIER = DuyThai.PersonalManagement;
				PRODUCT_NAME = "$(TARGET_NAME)";
				SUPPORTED_PLATFORMS = "iphoneos iphonesimulator";
				SUPPORTS_MACCATALYST = NO;
				SUPPORTS_MAC_DESIGNED_FOR_IPHONE_IPAD = NO;
				SWIFT_EMIT_LOC_STRINGS = YES;
				SWIFT_VERSION = 5.0;
				TARGETED_DEVICE_FAMILY = "1,2";
			};
			name = Debug;
		};
		1A9E42B62A06AF5F00F69C15 /* Release */ = {
			isa = XCBuildConfiguration;
			baseConfigurationReference = 98641E30377BA7E4A084204E /* Pods-PersonalManagement.release.xcconfig */;
			buildSettings = {
				ASSETCATALOG_COMPILER_APPICON_NAME = AppIcon;
				ASSETCATALOG_COMPILER_GLOBAL_ACCENT_COLOR_NAME = AccentColor;
				CODE_SIGN_STYLE = Automatic;
				CURRENT_PROJECT_VERSION = 1;
				DEVELOPMENT_TEAM = BZD66Y59V5;
				GENERATE_INFOPLIST_FILE = YES;
				INFOPLIST_FILE = PersonalManagement/Info.plist;
				INFOPLIST_KEY_UIApplicationSupportsIndirectInputEvents = YES;
				INFOPLIST_KEY_UILaunchStoryboardName = LaunchScreen;
				INFOPLIST_KEY_UISupportedInterfaceOrientations = UIInterfaceOrientationPortrait;
				IPHONEOS_DEPLOYMENT_TARGET = 13.2;
				LD_RUNPATH_SEARCH_PATHS = (
					"$(inherited)",
					"@executable_path/Frameworks",
				);
				MARKETING_VERSION = 1.0;
				PRODUCT_BUNDLE_IDENTIFIER = DuyThai.PersonalManagement;
				PRODUCT_NAME = "$(TARGET_NAME)";
				SUPPORTED_PLATFORMS = "iphoneos iphonesimulator";
				SUPPORTS_MACCATALYST = NO;
				SUPPORTS_MAC_DESIGNED_FOR_IPHONE_IPAD = NO;
				SWIFT_EMIT_LOC_STRINGS = YES;
				SWIFT_VERSION = 5.0;
				TARGETED_DEVICE_FAMILY = "1,2";
			};
			name = Release;
		};
/* End XCBuildConfiguration section */

/* Begin XCConfigurationList section */
		1A9E42982A06AF5C00F69C15 /* Build configuration list for PBXProject "PersonalManagement" */ = {
			isa = XCConfigurationList;
			buildConfigurations = (
				1A9E42B22A06AF5F00F69C15 /* Debug */,
				1A9E42B32A06AF5F00F69C15 /* Release */,
			);
			defaultConfigurationIsVisible = 0;
			defaultConfigurationName = Release;
		};
		1A9E42B42A06AF5F00F69C15 /* Build configuration list for PBXNativeTarget "PersonalManagement" */ = {
			isa = XCConfigurationList;
			buildConfigurations = (
				1A9E42B52A06AF5F00F69C15 /* Debug */,
				1A9E42B62A06AF5F00F69C15 /* Release */,
			);
			defaultConfigurationIsVisible = 0;
			defaultConfigurationName = Release;
		};
/* End XCConfigurationList section */

/* Begin XCVersionGroup section */
		1A9E42A92A06AF5C00F69C15 /* PersonalManagement.xcdatamodeld */ = {
			isa = XCVersionGroup;
			children = (
				1A9E42AA2A06AF5C00F69C15 /* PersonalManagement.xcdatamodel */,
			);
			currentVersion = 1A9E42AA2A06AF5C00F69C15 /* PersonalManagement.xcdatamodel */;
			path = PersonalManagement.xcdatamodeld;
			sourceTree = "<group>";
			versionGroupType = wrapper.xcdatamodel;
		};
/* End XCVersionGroup section */
	};
	rootObject = 1A9E42952A06AF5C00F69C15 /* Project object */;
}
